
Microsoft Visual Studio Solution File, Format Version 12.00
# Visual Studio Version 17
VisualStudioVersion = 17.8.34309.116
MinimumVisualStudioVersion = 10.0.40219.1
Project("{FAE04EC0-301F-11D3-BF4B-00C04F79EFBC}") = "MiniProject014", "MiniProject014\MiniProject014.csproj", "{1B5A57D5-271D-4843-8104-E6BD130F6514}"
EndProject
Global
	GlobalSection(SolutionConfigurationPlatforms) = preSolution
		Debug|Any CPU = Debug|Any CPU
		Release|Any CPU = Release|Any CPU
	EndGlobalSection
	GlobalSection(ProjectConfigurationPlatforms) = postSolution
		{1B5A57D5-271D-4843-8104-E6BD130F6514}.Debug|Any CPU.ActiveCfg = Debug|Any CPU
		{1B5A57D5-271D-4843-8104-E6BD130F6514}.Debug|Any CPU.Build.0 = Debug|Any CPU
		{1B5A57D5-271D-4843-8104-E6BD130F6514}.Release|Any CPU.ActiveCfg = Release|Any CPU
		{1B5A57D5-271D-4843-8104-E6BD130F6514}.Release|Any CPU.Build.0 = Release|Any CPU
	EndGlobalSection
	GlobalSection(SolutionProperties) = preSolution
		HideSolutionNode = FALSE
	EndGlobalSection
	GlobalSection(ExtensibilityGlobals) = postSolution
		SolutionGuid = {7040BA3F-8DBB-48EB-8FBB-4B7AB05E01E4}
	EndGlobalSection
EndGlobal
